{
  "version": 4,
  "terraform_version": "1.2.2",
  "serial": 25,
  "lineage": "2cbe2fa9-958e-9d7e-223b-cb46528e04c1",
  "outputs": {
    "alias_ap_arn": {
      "value": "arn:aws:lambda:ap-southeast-2:036770278527:function:alexa-Trading-Tycoon-2023-business-logic-prod:alexa-endpoint",
      "type": "string"
    },
    "alias_arn": {
      "value": "arn:aws:lambda:us-east-1:036770278527:function:alexa-Trading-Tycoon-2023-business-logic-prod:alexa-endpoint",
      "type": "string"
    },
    "alias_uk_arn": {
      "value": "arn:aws:lambda:eu-west-2:036770278527:function:alexa-Trading-Tycoon-2023-business-logic-prod:alexa-endpoint",
      "type": "string"
    },
    "lambda_arn": {
      "value": "arn:aws:lambda:us-east-1:036770278527:function:alexa-Trading-Tycoon-2023-business-logic-prod",
      "type": "string"
    }
  },
  "resources": [
    {
      "mode": "managed",
      "type": "aws_cloudwatch_log_group",
      "name": "alexa_business_logic",
      "provider": "provider[\"registry.terraform.io/hashicorp/aws\"]",
      "instances": [
        {
          "schema_version": 0,
          "attributes": {
            "arn": "arn:aws:logs:us-east-1:036770278527:log-group:/aws/lambda/Trading-Tycoon-2023-prod",
            "id": "/aws/lambda/Trading-Tycoon-2023-prod",
            "kms_key_id": "",
            "name": "/aws/lambda/Trading-Tycoon-2023-prod",
            "name_prefix": null,
            "retention_in_days": 14,
            "tags": null,
            "tags_all": {
              "Environment": "prod",
              "Provisioned-By": "Pete",
              "Template-Creator": "www.program-productions.com",
              "Terraform": "true"
            }
          },
          "sensitive_attributes": [],
          "private": "bnVsbA=="
        }
      ]
    },
    {
      "mode": "managed",
      "type": "aws_cloudwatch_log_group",
      "name": "alexa_business_logic_ap",
      "provider": "provider[\"registry.terraform.io/hashicorp/aws\"].ap_provider",
      "instances": [
        {
          "schema_version": 0,
          "attributes": {
            "arn": "arn:aws:logs:ap-southeast-2:036770278527:log-group:/aws/lambda/Trading-Tycoon-2023-prod",
            "id": "/aws/lambda/Trading-Tycoon-2023-prod",
            "kms_key_id": "",
            "name": "/aws/lambda/Trading-Tycoon-2023-prod",
            "name_prefix": null,
            "retention_in_days": 14,
            "tags": null,
            "tags_all": {}
          },
          "sensitive_attributes": [],
          "private": "bnVsbA=="
        }
      ]
    },
    {
      "mode": "managed",
      "type": "aws_cloudwatch_log_group",
      "name": "alexa_business_logic_uk",
      "provider": "provider[\"registry.terraform.io/hashicorp/aws\"].uk_provider",
      "instances": [
        {
          "schema_version": 0,
          "attributes": {
            "arn": "arn:aws:logs:eu-west-2:036770278527:log-group:/aws/lambda/Trading-Tycoon-2023-prod",
            "id": "/aws/lambda/Trading-Tycoon-2023-prod",
            "kms_key_id": "",
            "name": "/aws/lambda/Trading-Tycoon-2023-prod",
            "name_prefix": null,
            "retention_in_days": 14,
            "tags": null,
            "tags_all": {}
          },
          "sensitive_attributes": [],
          "private": "bnVsbA=="
        }
      ]
    },
    {
      "mode": "managed",
      "type": "aws_iam_policy",
      "name": "lambda_logging",
      "provider": "provider[\"registry.terraform.io/hashicorp/aws\"]",
      "instances": [
        {
          "schema_version": 0,
          "attributes": {
            "arn": "arn:aws:iam::036770278527:policy/terraformed-alexa-Trading-Tycoon-2023-logging-prod",
            "description": "IAM policy for logging from a lambda plus s3 dynamo db and sqs ",
            "id": "arn:aws:iam::036770278527:policy/terraformed-alexa-Trading-Tycoon-2023-logging-prod",
            "name": "terraformed-alexa-Trading-Tycoon-2023-logging-prod",
            "name_prefix": null,
            "path": "/",
            "policy": "{\"Statement\":[{\"Action\":[\"logs:CreateLogGroup\",\"logs:CreateLogStream\",\"logs:PutLogEvents\"],\"Effect\":\"Allow\",\"Resource\":\"arn:aws:logs:*:*:*\"},{\"Action\":\"s3:*\",\"Effect\":\"Allow\",\"Resource\":\"*\"},{\"Action\":\"dynamodb:*\",\"Effect\":\"Allow\",\"Resource\":\"*\"},{\"Action\":\"sqs:ListQueues\",\"Effect\":\"Allow\",\"Resource\":\"*\"},{\"Action\":\"sqs:*\",\"Effect\":\"Allow\",\"Resource\":\"arn:aws:sqs:*:*:*\"}],\"Version\":\"2012-10-17\"}",
            "policy_id": "ANPAQRD5N5R7RGGNRXRJM",
            "tags": null,
            "tags_all": {
              "Environment": "prod",
              "Provisioned-By": "Pete",
              "Template-Creator": "www.program-productions.com",
              "Terraform": "true"
            }
          },
          "sensitive_attributes": [],
          "private": "bnVsbA=="
        }
      ]
    },
    {
      "mode": "managed",
      "type": "aws_iam_role",
      "name": "lambda_iam",
      "provider": "provider[\"registry.terraform.io/hashicorp/aws\"]",
      "instances": [
        {
          "schema_version": 0,
          "attributes": {
            "arn": "arn:aws:iam::036770278527:role/Trading-Tycoon-2023-prod",
            "assume_role_policy": "{\"Version\":\"2012-10-17\",\"Statement\":[{\"Effect\":\"Allow\",\"Principal\":{\"Service\":\"lambda.amazonaws.com\"},\"Action\":\"sts:AssumeRole\"}]}",
            "create_date": "2023-01-24T03:07:18Z",
            "description": "",
            "force_detach_policies": false,
            "id": "Trading-Tycoon-2023-prod",
            "inline_policy": [
              {
                "name": "",
                "policy": ""
              }
            ],
            "managed_policy_arns": [],
            "max_session_duration": 3600,
            "name": "Trading-Tycoon-2023-prod",
            "name_prefix": "",
            "path": "/",
            "permissions_boundary": null,
            "tags": null,
            "tags_all": {
              "Environment": "prod",
              "Provisioned-By": "Pete",
              "Template-Creator": "www.program-productions.com",
              "Terraform": "true"
            },
            "unique_id": "AROAQRD5N5R7XRZ4D7NQI"
          },
          "sensitive_attributes": [],
          "private": "bnVsbA=="
        }
      ]
    },
    {
      "mode": "managed",
      "type": "aws_iam_role_policy_attachment",
      "name": "lambda_logs",
      "provider": "provider[\"registry.terraform.io/hashicorp/aws\"]",
      "instances": [
        {
          "schema_version": 0,
          "attributes": {
            "id": "Trading-Tycoon-2023-prod-20230124030723675600000001",
            "policy_arn": "arn:aws:iam::036770278527:policy/terraformed-alexa-Trading-Tycoon-2023-logging-prod",
            "role": "Trading-Tycoon-2023-prod"
          },
          "sensitive_attributes": [],
          "private": "bnVsbA==",
          "dependencies": [
            "aws_iam_policy.lambda_logging",
            "aws_iam_role.lambda_iam"
          ]
        }
      ]
    },
    {
      "mode": "managed",
      "type": "aws_lambda_alias",
      "name": "alexa",
      "provider": "provider[\"registry.terraform.io/hashicorp/aws\"]",
      "instances": [
        {
          "schema_version": 0,
          "attributes": {
            "arn": "arn:aws:lambda:us-east-1:036770278527:function:alexa-Trading-Tycoon-2023-business-logic-prod:alexa-endpoint",
            "description": " alias for alexa skill",
            "function_name": "arn:aws:lambda:us-east-1:036770278527:function:alexa-Trading-Tycoon-2023-business-logic-prod",
            "function_version": "$LATEST",
            "id": "arn:aws:lambda:us-east-1:036770278527:function:alexa-Trading-Tycoon-2023-business-logic-prod:alexa-endpoint",
            "invoke_arn": "arn:aws:apigateway:us-east-1:lambda:path/2015-03-31/functions/arn:aws:lambda:us-east-1:036770278527:function:alexa-Trading-Tycoon-2023-business-logic-prod:alexa-endpoint/invocations",
            "name": "alexa-endpoint",
            "routing_config": []
          },
          "sensitive_attributes": [],
          "private": "bnVsbA==",
          "dependencies": [
            "aws_cloudwatch_log_group.alexa_business_logic",
            "aws_iam_policy.lambda_logging",
            "aws_iam_role.lambda_iam",
            "aws_iam_role_policy_attachment.lambda_logs",
            "aws_lambda_function.alexa_business_logic"
          ]
        }
      ]
    },
    {
      "mode": "managed",
      "type": "aws_lambda_alias",
      "name": "alexa_ap",
      "provider": "provider[\"registry.terraform.io/hashicorp/aws\"].ap_provider",
      "instances": [
        {
          "schema_version": 0,
          "attributes": {
            "arn": "arn:aws:lambda:ap-southeast-2:036770278527:function:alexa-Trading-Tycoon-2023-business-logic-prod:alexa-endpoint",
            "description": " alias for alexa skill",
            "function_name": "arn:aws:lambda:ap-southeast-2:036770278527:function:alexa-Trading-Tycoon-2023-business-logic-prod",
            "function_version": "$LATEST",
            "id": "arn:aws:lambda:ap-southeast-2:036770278527:function:alexa-Trading-Tycoon-2023-business-logic-prod:alexa-endpoint",
            "invoke_arn": "arn:aws:apigateway:ap-southeast-2:lambda:path/2015-03-31/functions/arn:aws:lambda:ap-southeast-2:036770278527:function:alexa-Trading-Tycoon-2023-business-logic-prod:alexa-endpoint/invocations",
            "name": "alexa-endpoint",
            "routing_config": []
          },
          "sensitive_attributes": [],
          "private": "bnVsbA==",
          "dependencies": [
            "aws_cloudwatch_log_group.alexa_business_logic",
            "aws_iam_policy.lambda_logging",
            "aws_iam_role.lambda_iam",
            "aws_iam_role_policy_attachment.lambda_logs",
            "aws_lambda_function.alexa_business_logic_ap"
          ]
        }
      ]
    },
    {
      "mode": "managed",
      "type": "aws_lambda_alias",
      "name": "alexa_uk",
      "provider": "provider[\"registry.terraform.io/hashicorp/aws\"].uk_provider",
      "instances": [
        {
          "schema_version": 0,
          "attributes": {
            "arn": "arn:aws:lambda:eu-west-2:036770278527:function:alexa-Trading-Tycoon-2023-business-logic-prod:alexa-endpoint",
            "description": " alias for alexa skill",
            "function_name": "arn:aws:lambda:eu-west-2:036770278527:function:alexa-Trading-Tycoon-2023-business-logic-prod",
            "function_version": "$LATEST",
            "id": "arn:aws:lambda:eu-west-2:036770278527:function:alexa-Trading-Tycoon-2023-business-logic-prod:alexa-endpoint",
            "invoke_arn": "arn:aws:apigateway:eu-west-2:lambda:path/2015-03-31/functions/arn:aws:lambda:eu-west-2:036770278527:function:alexa-Trading-Tycoon-2023-business-logic-prod:alexa-endpoint/invocations",
            "name": "alexa-endpoint",
            "routing_config": []
          },
          "sensitive_attributes": [],
          "private": "bnVsbA==",
          "dependencies": [
            "aws_cloudwatch_log_group.alexa_business_logic",
            "aws_iam_policy.lambda_logging",
            "aws_iam_role.lambda_iam",
            "aws_iam_role_policy_attachment.lambda_logs",
            "aws_lambda_function.alexa_business_logic_uk"
          ]
        }
      ]
    },
    {
      "mode": "managed",
      "type": "aws_lambda_function",
      "name": "alexa_business_logic",
      "provider": "provider[\"registry.terraform.io/hashicorp/aws\"]",
      "instances": [
        {
          "schema_version": 0,
          "attributes": {
            "architectures": [
              "x86_64"
            ],
            "arn": "arn:aws:lambda:us-east-1:036770278527:function:alexa-Trading-Tycoon-2023-business-logic-prod",
            "code_signing_config_arn": "",
            "dead_letter_config": [],
            "description": "",
            "environment": [
              {
                "variables": {
                  "ACCESS_KEY_ID": "AKIAQRD5N5R7UWUL67WU",
                  "API_KEY": "WBSAPSA60GS1QT7N",
                  "ENVIRONMENT": "prod",
                  "OPENSEA_API_KEY": "d6a557dceac44623aad26ec5f7bf01e4",
                  "REGION": "us-east-1",
                  "SECRET_ACCESS_KEY": "1fYOkZUwwVk5uzV2RAeBfUwAwAdX7qngOmlLLFKO",
                  "gameAPI_KEY": "3f0657bc-3b5b-4ed4-9d50-df71690b5db6"
                }
              }
            ],
            "file_system_config": [],
            "filename": "./function/prod/bundle.zip",
            "function_name": "alexa-Trading-Tycoon-2023-business-logic-prod",
            "handler": "index.handler",
            "id": "alexa-Trading-Tycoon-2023-business-logic-prod",
            "image_config": [],
            "image_uri": "",
            "invoke_arn": "arn:aws:apigateway:us-east-1:lambda:path/2015-03-31/functions/arn:aws:lambda:us-east-1:036770278527:function:alexa-Trading-Tycoon-2023-business-logic-prod/invocations",
            "kms_key_arn": "",
            "last_modified": "2023-01-24T03:09:30.073+0000",
            "layers": null,
            "memory_size": 1024,
            "package_type": "Zip",
            "publish": false,
            "qualified_arn": "arn:aws:lambda:us-east-1:036770278527:function:alexa-Trading-Tycoon-2023-business-logic-prod:$LATEST",
            "reserved_concurrent_executions": -1,
            "role": "arn:aws:iam::036770278527:role/Trading-Tycoon-2023-prod",
            "runtime": "nodejs16.x",
            "s3_bucket": null,
            "s3_key": null,
            "s3_object_version": null,
            "signing_job_arn": "",
            "signing_profile_version_arn": "",
            "source_code_hash": "1lbo6TBEoem6Ycg+/D730+mD2KKtfuuo/04v17mQJjQ=",
            "source_code_size": 19444449,
            "tags": null,
            "tags_all": {
              "Environment": "prod",
              "Provisioned-By": "Pete",
              "Template-Creator": "www.program-productions.com",
              "Terraform": "true"
            },
            "timeout": 7,
            "timeouts": null,
            "tracing_config": [
              {
                "mode": "PassThrough"
              }
            ],
            "version": "$LATEST",
            "vpc_config": []
          },
          "sensitive_attributes": [],
          "private": "eyJlMmJmYjczMC1lY2FhLTExZTYtOGY4OC0zNDM2M2JjN2M0YzAiOnsiY3JlYXRlIjo2MDAwMDAwMDAwMDB9fQ==",
          "dependencies": [
            "aws_cloudwatch_log_group.alexa_business_logic",
            "aws_iam_policy.lambda_logging",
            "aws_iam_role.lambda_iam",
            "aws_iam_role_policy_attachment.lambda_logs"
          ]
        }
      ]
    },
    {
      "mode": "managed",
      "type": "aws_lambda_function",
      "name": "alexa_business_logic_ap",
      "provider": "provider[\"registry.terraform.io/hashicorp/aws\"].ap_provider",
      "instances": [
        {
          "schema_version": 0,
          "attributes": {
            "architectures": [
              "x86_64"
            ],
            "arn": "arn:aws:lambda:ap-southeast-2:036770278527:function:alexa-Trading-Tycoon-2023-business-logic-prod",
            "code_signing_config_arn": "",
            "dead_letter_config": [],
            "description": "",
            "environment": [
              {
                "variables": {
                  "ACCESS_KEY_ID": "AKIAQRD5N5R7UWUL67WU",
                  "API_KEY": "WBSAPSA60GS1QT7N",
                  "ENVIRONMENT": "prod",
                  "OPENSEA_API_KEY": "d6a557dceac44623aad26ec5f7bf01e4",
                  "REGION": "us-east-1",
                  "SECRET_ACCESS_KEY": "1fYOkZUwwVk5uzV2RAeBfUwAwAdX7qngOmlLLFKO",
                  "gameAPI_KEY": "3f0657bc-3b5b-4ed4-9d50-df71690b5db6"
                }
              }
            ],
            "file_system_config": [],
            "filename": "./function/prod/bundle.zip",
            "function_name": "alexa-Trading-Tycoon-2023-business-logic-prod",
            "handler": "index.handler",
            "id": "alexa-Trading-Tycoon-2023-business-logic-prod",
            "image_config": [],
            "image_uri": "",
            "invoke_arn": "arn:aws:apigateway:ap-southeast-2:lambda:path/2015-03-31/functions/arn:aws:lambda:ap-southeast-2:036770278527:function:alexa-Trading-Tycoon-2023-business-logic-prod/invocations",
            "kms_key_arn": "",
            "last_modified": "2023-01-24T03:07:33.160+0000",
            "layers": null,
            "memory_size": 1024,
            "package_type": "Zip",
            "publish": false,
            "qualified_arn": "arn:aws:lambda:ap-southeast-2:036770278527:function:alexa-Trading-Tycoon-2023-business-logic-prod:$LATEST",
            "reserved_concurrent_executions": -1,
            "role": "arn:aws:iam::036770278527:role/Trading-Tycoon-2023-prod",
            "runtime": "nodejs16.x",
            "s3_bucket": null,
            "s3_key": null,
            "s3_object_version": null,
            "signing_job_arn": "",
            "signing_profile_version_arn": "",
            "source_code_hash": "1lbo6TBEoem6Ycg+/D730+mD2KKtfuuo/04v17mQJjQ=",
            "source_code_size": 19444449,
            "tags": null,
            "tags_all": {},
            "timeout": 7,
            "timeouts": null,
            "tracing_config": [
              {
                "mode": "PassThrough"
              }
            ],
            "version": "$LATEST",
            "vpc_config": []
          },
          "sensitive_attributes": [],
          "private": "eyJlMmJmYjczMC1lY2FhLTExZTYtOGY4OC0zNDM2M2JjN2M0YzAiOnsiY3JlYXRlIjo2MDAwMDAwMDAwMDB9fQ==",
          "dependencies": [
            "aws_cloudwatch_log_group.alexa_business_logic",
            "aws_iam_policy.lambda_logging",
            "aws_iam_role.lambda_iam",
            "aws_iam_role_policy_attachment.lambda_logs"
          ]
        }
      ]
    },
    {
      "mode": "managed",
      "type": "aws_lambda_function",
      "name": "alexa_business_logic_uk",
      "provider": "provider[\"registry.terraform.io/hashicorp/aws\"].uk_provider",
      "instances": [
        {
          "schema_version": 0,
          "attributes": {
            "architectures": [
              "x86_64"
            ],
            "arn": "arn:aws:lambda:eu-west-2:036770278527:function:alexa-Trading-Tycoon-2023-business-logic-prod",
            "code_signing_config_arn": "",
            "dead_letter_config": [],
            "description": "",
            "environment": [
              {
                "variables": {
                  "ACCESS_KEY_ID": "AKIAQRD5N5R7UWUL67WU",
                  "API_KEY": "WBSAPSA60GS1QT7N",
                  "ENVIRONMENT": "prod",
                  "OPENSEA_API_KEY": "d6a557dceac44623aad26ec5f7bf01e4",
                  "REGION": "us-east-1",
                  "SECRET_ACCESS_KEY": "1fYOkZUwwVk5uzV2RAeBfUwAwAdX7qngOmlLLFKO",
                  "gameAPI_KEY": "3f0657bc-3b5b-4ed4-9d50-df71690b5db6"
                }
              }
            ],
            "file_system_config": [],
            "filename": "./function/prod/bundle.zip",
            "function_name": "alexa-Trading-Tycoon-2023-business-logic-prod",
            "handler": "index.handler",
            "id": "alexa-Trading-Tycoon-2023-business-logic-prod",
            "image_config": [],
            "image_uri": "",
            "invoke_arn": "arn:aws:apigateway:eu-west-2:lambda:path/2015-03-31/functions/arn:aws:lambda:eu-west-2:036770278527:function:alexa-Trading-Tycoon-2023-business-logic-prod/invocations",
            "kms_key_arn": "",
            "last_modified": "2023-01-24T03:09:31.845+0000",
            "layers": null,
            "memory_size": 1024,
            "package_type": "Zip",
            "publish": false,
            "qualified_arn": "arn:aws:lambda:eu-west-2:036770278527:function:alexa-Trading-Tycoon-2023-business-logic-prod:$LATEST",
            "reserved_concurrent_executions": -1,
            "role": "arn:aws:iam::036770278527:role/Trading-Tycoon-2023-prod",
            "runtime": "nodejs16.x",
            "s3_bucket": null,
            "s3_key": null,
            "s3_object_version": null,
            "signing_job_arn": "",
            "signing_profile_version_arn": "",
            "source_code_hash": "1lbo6TBEoem6Ycg+/D730+mD2KKtfuuo/04v17mQJjQ=",
            "source_code_size": 19444449,
            "tags": null,
            "tags_all": {},
            "timeout": 7,
            "timeouts": null,
            "tracing_config": [
              {
                "mode": "PassThrough"
              }
            ],
            "version": "$LATEST",
            "vpc_config": []
          },
          "sensitive_attributes": [],
          "private": "eyJlMmJmYjczMC1lY2FhLTExZTYtOGY4OC0zNDM2M2JjN2M0YzAiOnsiY3JlYXRlIjo2MDAwMDAwMDAwMDB9fQ==",
          "dependencies": [
            "aws_cloudwatch_log_group.alexa_business_logic",
            "aws_iam_policy.lambda_logging",
            "aws_iam_role.lambda_iam",
            "aws_iam_role_policy_attachment.lambda_logs"
          ]
        }
      ]
    },
    {
      "mode": "managed",
      "type": "aws_lambda_permission",
      "name": "alexa_alias",
      "provider": "provider[\"registry.terraform.io/hashicorp/aws\"]",
      "instances": [
        {
          "schema_version": 0,
          "attributes": {
            "action": "lambda:InvokeFunction",
            "event_source_token": "amzn1.ask.skill.57ae6540-310e-4120-abce-da92e5874bea",
            "function_name": "arn:aws:lambda:us-east-1:036770278527:function:alexa-Trading-Tycoon-2023-business-logic-prod",
            "id": "AllowAliasExecutionFromAlexa",
            "principal": "alexa-appkit.amazon.com",
            "qualifier": "alexa-endpoint",
            "source_account": "",
            "source_arn": null,
            "statement_id": "AllowAliasExecutionFromAlexa",
            "statement_id_prefix": null
          },
          "sensitive_attributes": [],
          "private": "bnVsbA==",
          "dependencies": [
            "aws_cloudwatch_log_group.alexa_business_logic",
            "aws_iam_policy.lambda_logging",
            "aws_iam_role.lambda_iam",
            "aws_iam_role_policy_attachment.lambda_logs",
            "aws_lambda_alias.alexa",
            "aws_lambda_function.alexa_business_logic"
          ]
        }
      ]
    },
    {
      "mode": "managed",
      "type": "aws_lambda_permission",
      "name": "alexa_alias_ap",
      "provider": "provider[\"registry.terraform.io/hashicorp/aws\"].ap_provider",
      "instances": [
        {
          "schema_version": 0,
          "attributes": {
            "action": "lambda:InvokeFunction",
            "event_source_token": "amzn1.ask.skill.57ae6540-310e-4120-abce-da92e5874bea",
            "function_name": "arn:aws:lambda:ap-southeast-2:036770278527:function:alexa-Trading-Tycoon-2023-business-logic-prod",
            "id": "AllowAliasExecutionFromAlexa",
            "principal": "alexa-appkit.amazon.com",
            "qualifier": "alexa-endpoint",
            "source_account": "",
            "source_arn": null,
            "statement_id": "AllowAliasExecutionFromAlexa",
            "statement_id_prefix": null
          },
          "sensitive_attributes": [],
          "private": "bnVsbA==",
          "dependencies": [
            "aws_cloudwatch_log_group.alexa_business_logic",
            "aws_iam_policy.lambda_logging",
            "aws_iam_role.lambda_iam",
            "aws_iam_role_policy_attachment.lambda_logs",
            "aws_lambda_alias.alexa_ap",
            "aws_lambda_function.alexa_business_logic_ap"
          ]
        }
      ]
    },
    {
      "mode": "managed",
      "type": "aws_lambda_permission",
      "name": "alexa_alias_uk",
      "provider": "provider[\"registry.terraform.io/hashicorp/aws\"].uk_provider",
      "instances": [
        {
          "schema_version": 0,
          "attributes": {
            "action": "lambda:InvokeFunction",
            "event_source_token": "amzn1.ask.skill.57ae6540-310e-4120-abce-da92e5874bea",
            "function_name": "arn:aws:lambda:eu-west-2:036770278527:function:alexa-Trading-Tycoon-2023-business-logic-prod",
            "id": "AllowAliasExecutionFromAlexa",
            "principal": "alexa-appkit.amazon.com",
            "qualifier": "alexa-endpoint",
            "source_account": "",
            "source_arn": null,
            "statement_id": "AllowAliasExecutionFromAlexa",
            "statement_id_prefix": null
          },
          "sensitive_attributes": [],
          "private": "bnVsbA==",
          "dependencies": [
            "aws_cloudwatch_log_group.alexa_business_logic",
            "aws_iam_policy.lambda_logging",
            "aws_iam_role.lambda_iam",
            "aws_iam_role_policy_attachment.lambda_logs",
            "aws_lambda_alias.alexa_uk",
            "aws_lambda_function.alexa_business_logic_uk"
          ]
        }
      ]
    },
    {
      "mode": "managed",
      "type": "aws_lambda_permission",
      "name": "alexa_trigger",
      "provider": "provider[\"registry.terraform.io/hashicorp/aws\"]",
      "instances": [
        {
          "schema_version": 0,
          "attributes": {
            "action": "lambda:InvokeFunction",
            "event_source_token": "amzn1.ask.skill.57ae6540-310e-4120-abce-da92e5874bea",
            "function_name": "alexa-Trading-Tycoon-2023-business-logic-prod",
            "id": "AllowExecutionFromAlexa",
            "principal": "alexa-appkit.amazon.com",
            "qualifier": "",
            "source_account": "",
            "source_arn": null,
            "statement_id": "AllowExecutionFromAlexa",
            "statement_id_prefix": null
          },
          "sensitive_attributes": [],
          "private": "bnVsbA==",
          "dependencies": [
            "aws_cloudwatch_log_group.alexa_business_logic",
            "aws_iam_policy.lambda_logging",
            "aws_iam_role.lambda_iam",
            "aws_iam_role_policy_attachment.lambda_logs",
            "aws_lambda_function.alexa_business_logic"
          ]
        }
      ]
    },
    {
      "mode": "managed",
      "type": "aws_lambda_permission",
      "name": "alexa_trigger_ap",
      "provider": "provider[\"registry.terraform.io/hashicorp/aws\"].ap_provider",
      "instances": [
        {
          "schema_version": 0,
          "attributes": {
            "action": "lambda:InvokeFunction",
            "event_source_token": "amzn1.ask.skill.57ae6540-310e-4120-abce-da92e5874bea",
            "function_name": "alexa-Trading-Tycoon-2023-business-logic-prod",
            "id": "AllowExecutionFromAlexa",
            "principal": "alexa-appkit.amazon.com",
            "qualifier": "",
            "source_account": "",
            "source_arn": null,
            "statement_id": "AllowExecutionFromAlexa",
            "statement_id_prefix": null
          },
          "sensitive_attributes": [],
          "private": "bnVsbA==",
          "dependencies": [
            "aws_cloudwatch_log_group.alexa_business_logic",
            "aws_iam_policy.lambda_logging",
            "aws_iam_role.lambda_iam",
            "aws_iam_role_policy_attachment.lambda_logs",
            "aws_lambda_function.alexa_business_logic"
          ]
        }
      ]
    },
    {
      "mode": "managed",
      "type": "aws_lambda_permission",
      "name": "alexa_trigger_uk",
      "provider": "provider[\"registry.terraform.io/hashicorp/aws\"].uk_provider",
      "instances": [
        {
          "schema_version": 0,
          "attributes": {
            "action": "lambda:InvokeFunction",
            "event_source_token": "amzn1.ask.skill.57ae6540-310e-4120-abce-da92e5874bea",
            "function_name": "alexa-Trading-Tycoon-2023-business-logic-prod",
            "id": "AllowExecutionFromAlexa",
            "principal": "alexa-appkit.amazon.com",
            "qualifier": "",
            "source_account": "",
            "source_arn": null,
            "statement_id": "AllowExecutionFromAlexa",
            "statement_id_prefix": null
          },
          "sensitive_attributes": [],
          "private": "bnVsbA==",
          "dependencies": [
            "aws_cloudwatch_log_group.alexa_business_logic",
            "aws_iam_policy.lambda_logging",
            "aws_iam_role.lambda_iam",
            "aws_iam_role_policy_attachment.lambda_logs",
            "aws_lambda_function.alexa_business_logic"
          ]
        }
      ]
    }
  ]
}
